# This file was autogenerated by Stack.
# You should not edit this file by hand.
# For more information, please see the documentation at:
#   https://docs.haskellstack.org/en/stable/lock_files

packages:
- completed:
    hackage: i3ipc-0.2.0.0@sha256:d2fef6058ead7115b5602686ec67fd485a934d5b67ee97acf68c92de89ee31fe,3993
    pantry-tree:
      size: 932
      sha256: 5145bf57619b02077c7401fecbf2dcc1bff7e913a8a4e30a4c2f259bf453785b
  original:
    hackage: i3ipc-0.2.0.0
snapshots:
- completed:
    size: 532379
    url: https://raw.githubusercontent.com/commercialhaskell/stackage-snapshots/master/lts/16/8.yaml
    sha256: 2ad3210d2ad35f3176005d68369a18e4d984517bfaa2caade76f28ed0b2e0521
  original: lts-16.8
